// !$*UTF8*$!
{
	archiveVersion = 1;
	classes = {
	};
	objectVersion = 50;
	objects = {

/* Begin PBXBuildFile section */
		EA1E2AB8256B4628004898EA /* ConversionApp.swift in Sources */ = {isa = PBXBuildFile; fileRef = EA1E2AB7256B4628004898EA /* ConversionApp.swift */; };
		EA1E2ABA256B4628004898EA /* ContentView.swift in Sources */ = {isa = PBXBuildFile; fileRef = EA1E2AB9256B4628004898EA /* ContentView.swift */; };
		EA1E2ABC256B4629004898EA /* Assets.xcassets in Resources */ = {isa = PBXBuildFile; fileRef = EA1E2ABB256B4629004898EA /* Assets.xcassets */; };
		EA1E2ABF256B4629004898EA /* Preview Assets.xcassets in Resources */ = {isa = PBXBuildFile; fileRef = EA1E2ABE256B4629004898EA /* Preview Assets.xcassets */; };
		EA1E2AC9256C02D0004898EA /* Length.swift in Sources */ = {isa = PBXBuildFile; fileRef = EA1E2AC8256C02D0004898EA /* Length.swift */; };
		EA1E2ACD256C030D004898EA /* Temperature.swift in Sources */ = {isa = PBXBuildFile; fileRef = EA1E2ACC256C030D004898EA /* Temperature.swift */; };
		EA1E2AD0256C0328004898EA /* Time.swift in Sources */ = {isa = PBXBuildFile; fileRef = EA1E2ACF256C0328004898EA /* Time.swift */; };
		EA1E2AD3256C0346004898EA /* Volume.swift in Sources */ = {isa = PBXBuildFile; fileRef = EA1E2AD2256C0346004898EA /* Volume.swift */; };
		EA1E2AD6256C0384004898EA /* ConversionType.swift in Sources */ = {isa = PBXBuildFile; fileRef = EA1E2AD5256C0384004898EA /* ConversionType.swift */; };
/* End PBXBuildFile section */

/* Begin PBXFileReference section */
		EA1E2AB4256B4628004898EA /* Conversion.app */ = {isa = PBXFileReference; explicitFileType = wrapper.application; includeInIndex = 0; path = Conversion.app; sourceTree = BUILT_PRODUCTS_DIR; };
		EA1E2AB7256B4628004898EA /* ConversionApp.swift */ = {isa = PBXFileReference; lastKnownFileType = sourcecode.swift; path = ConversionApp.swift; sourceTree = "<group>"; };
		EA1E2AB9256B4628004898EA /* ContentView.swift */ = {isa = PBXFileReference; lastKnownFileType = sourcecode.swift; path = ContentView.swift; sourceTree = "<group>"; };
		EA1E2ABB256B4629004898EA /* Assets.xcassets */ = {isa = PBXFileReference; lastKnownFileType = folder.assetcatalog; path = Assets.xcassets; sourceTree = "<group>"; };
		EA1E2ABE256B4629004898EA /* Preview Assets.xcassets */ = {isa = PBXFileReference; lastKnownFileType = folder.assetcatalog; path = "Preview Assets.xcassets"; sourceTree = "<group>"; };
		EA1E2AC0256B4629004898EA /* Info.plist */ = {isa = PBXFileReference; lastKnownFileType = text.plist.xml; path = Info.plist; sourceTree = "<group>"; };
		EA1E2AC8256C02D0004898EA /* Length.swift */ = {isa = PBXFileReference; lastKnownFileType = sourcecode.swift; path = Length.swift; sourceTree = "<group>"; };
		EA1E2ACC256C030D004898EA /* Temperature.swift */ = {isa = PBXFileReference; lastKnownFileType = sourcecode.swift; path = Temperature.swift; sourceTree = "<group>"; };
		EA1E2ACF256C0328004898EA /* Time.swift */ = {isa = PBXFileReference; lastKnownFileType = sourcecode.swift; path = Time.swift; sourceTree = "<group>"; };
		EA1E2AD2256C0346004898EA /* Volume.swift */ = {isa = PBXFileReference; lastKnownFileType = sourcecode.swift; path = Volume.swift; sourceTree = "<group>"; };
		EA1E2AD5256C0384004898EA /* ConversionType.swift */ = {isa = PBXFileReference; lastKnownFileType = sourcecode.swift; path = ConversionType.swift; sourceTree = "<group>"; };
/* End PBXFileReference section */

/* Begin PBXFrameworksBuildPhase section */
		EA1E2AB1256B4628004898EA /* Frameworks */ = {
			isa = PBXFrameworksBuildPhase;
			buildActionMask = 2147483647;
			files = (
			);
			runOnlyForDeploymentPostprocessing = 0;
		};
/* End PBXFrameworksBuildPhase section */

/* Begin PBXGroup section */
		EA1E2AAB256B4628004898EA = {
			isa = PBXGroup;
			children = (
				EA1E2AB6256B4628004898EA /* Conversion */,
				EA1E2AB5256B4628004898EA /* Products */,
			);
			sourceTree = "<group>";
		};
		EA1E2AB5256B4628004898EA /* Products */ = {
			isa = PBXGroup;
			children = (
				EA1E2AB4256B4628004898EA /* Conversion.app */,
			);
			name = Products;
			sourceTree = "<group>";
		};
		EA1E2AB6256B4628004898EA /* Conversion */ = {
			isa = PBXGroup;
			children = (
				EA1E2AC7256C02B8004898EA /* Calculations */,
				EA1E2AB7256B4628004898EA /* ConversionApp.swift */,
				EA1E2AB9256B4628004898EA /* ContentView.swift */,
				EA1E2AD5256C0384004898EA /* ConversionType.swift */,
				EA1E2ABB256B4629004898EA /* Assets.xcassets */,
				EA1E2AC0256B4629004898EA /* Info.plist */,
				EA1E2ABD256B4629004898EA /* Preview Content */,
			);
			path = Conversion;
			sourceTree = "<group>";
		};
		EA1E2ABD256B4629004898EA /* Preview Content */ = {
			isa = PBXGroup;
			children = (
				EA1E2ABE256B4629004898EA /* Preview Assets.xcassets */,
			);
			path = "Preview Content";
			sourceTree = "<group>";
		};
		EA1E2AC7256C02B8004898EA /* Calculations */ = {
			isa = PBXGroup;
			children = (
				EA1E2AC8256C02D0004898EA /* Length.swift */,
				EA1E2ACC256C030D004898EA /* Temperature.swift */,
				EA1E2ACF256C0328004898EA /* Time.swift */,
				EA1E2AD2256C0346004898EA /* Volume.swift */,
			);
			path = Calculations;
			sourceTree = "<group>";
		};
/* End PBXGroup section */

/* Begin PBXNativeTarget section */
		EA1E2AB3256B4628004898EA /* Conversion */ = {
			isa = PBXNativeTarget;
			buildConfigurationList = EA1E2AC3256B4629004898EA /* Build configuration list for PBXNativeTarget "Conversion" */;
			buildPhases = (
				EA1E2AB0256B4628004898EA /* Sources */,
				EA1E2AB1256B4628004898EA /* Frameworks */,
				EA1E2AB2256B4628004898EA /* Resources */,
			);
			buildRules = (
			);
			dependencies = (
			);
			name = Conversion;
			productName = Conversion;
			productReference = EA1E2AB4256B4628004898EA /* Conversion.app */;
			productType = "com.apple.product-type.application";
		};
/* End PBXNativeTarget section */

/* Begin PBXProject section */
		EA1E2AAC256B4628004898EA /* Project object */ = {
			isa = PBXProject;
			attributes = {
				LastSwiftUpdateCheck = 1220;
				LastUpgradeCheck = 1220;
				TargetAttributes = {
					EA1E2AB3256B4628004898EA = {
						CreatedOnToolsVersion = 12.2;
					};
				};
			};
			buildConfigurationList = EA1E2AAF256B4628004898EA /* Build configuration list for PBXProject "Conversion" */;
			compatibilityVersion = "Xcode 9.3";
			developmentRegion = en;
			hasScannedForEncodings = 0;
			knownRegions = (
				en,
				Base,
			);
			mainGroup = EA1E2AAB256B4628004898EA;
			productRefGroup = EA1E2AB5256B4628004898EA /* Products */;
			projectDirPath = "";
			projectRoot = "";
			targets = (
				EA1E2AB3256B4628004898EA /* Conversion */,
			);
		};
/* End PBXProject section */

/* Begin PBXResourcesBuildPhase section */
		EA1E2AB2256B4628004898EA /* Resources */ = {
			isa = PBXResourcesBuildPhase;
			buildActionMask = 2147483647;
			files = (
				EA1E2ABF256B4629004898EA /* Preview Assets.xcassets in Resources */,
				EA1E2ABC256B4629004898EA /* Assets.xcassets in Resources */,
			);
			runOnlyForDeploymentPostprocessing = 0;
		};
/* End PBXResourcesBuildPhase section */

/* Begin PBXSourcesBuildPhase section */
		EA1E2AB0256B4628004898EA /* Sources */ = {
			isa = PBXSourcesBuildPhase;
			buildActionMask = 2147483647;
			files = (
				EA1E2ABA256B4628004898EA /* ContentView.swift in Sources */,
				EA1E2AC9256C02D0004898EA /* Length.swift in Sources */,
				EA1E2AD0256C0328004898EA /* Time.swift in Sources */,
				EA1E2AD3256C0346004898EA /* Volume.swift in Sources */,
				EA1E2AD6256C0384004898EA /* ConversionType.swift in Sources */,
				EA1E2ACD256C030D004898EA /* Temperature.swift in Sources */,
				EA1E2AB8256B4628004898EA /* ConversionApp.swift in Sources */,
			);
			runOnlyForDeploymentPostprocessing = 0;
		};
/* End PBXSourcesBuildPhase section */

/* Begin XCBuildConfiguration section */
		EA1E2AC1256B4629004898EA /* Debug */ = {
			isa = XCBuildConfiguration;
			buildSettings = {
				ALWAYS_SEARCH_USER_PATHS = NO;
				CLANG_ANALYZER_NONNULL = YES;
				CLANG_ANALYZER_NUMBER_OBJECT_CONVERSION = YES_AGGRESSIVE;
				CLANG_CXX_LANGUAGE_STANDARD = "gnu++14";
				CLANG_CXX_LIBRARY = "libc++";
				CLANG_ENABLE_MODULES = YES;
				CLANG_ENABLE_OBJC_ARC = YES;
				CLANG_ENABLE_OBJC_WEAK = YES;
				CLANG_WARN_BLOCK_CAPTURE_AUTORELEASING = YES;
				CLANG_WARN_BOOL_CONVERSION = YES;
				CLANG_WARN_COMMA = YES;
				CLANG_WARN_CONSTANT_CONVERSION = YES;
				CLANG_WARN_DEPRECATED_OBJC_IMPLEMENTATIONS = YES;
				CLANG_WARN_DIRECT_OBJC_ISA_USAGE = YES_ERROR;
				CLANG_WARN_DOCUMENTATION_COMMENTS = YES;
				CLANG_WARN_EMPTY_BODY = YES;
				CLANG_WARN_ENUM_CONVERSION = YES;
				CLANG_WARN_INFINITE_RECURSION = YES;
				CLANG_WARN_INT_CONVERSION = YES;
				CLANG_WARN_NON_LITERAL_NULL_CONVERSION = YES;
				CLANG_WARN_OBJC_IMPLICIT_RETAIN_SELF = YES;
				CLANG_WARN_OBJC_LITERAL_CONVERSION = YES;
				CLANG_WARN_OBJC_ROOT_CLASS = YES_ERROR;
				CLANG_WARN_QUOTED_INCLUDE_IN_FRAMEWORK_HEADER = YES;
				CLANG_WARN_RANGE_LOOP_ANALYSIS = YES;
				CLANG_WARN_STRICT_PROTOTYPES = YES;
				CLANG_WARN_SUSPICIOUS_MOVE = YES;
				CLANG_WARN_UNGUARDED_AVAILABILITY = YES_AGGRESSIVE;
				CLANG_WARN_UNREACHABLE_CODE = YES;
				CLANG_WARN__DUPLICATE_METHOD_MATCH = YES;
				COPY_PHASE_STRIP = NO;
				DEBUG_INFORMATION_FORMAT = dwarf;
				ENABLE_STRICT_OBJC_MSGSEND = YES;
				ENABLE_TESTABILITY = YES;
				GCC_C_LANGUAGE_STANDARD = gnu11;
				GCC_DYNAMIC_NO_PIC = NO;
				GCC_NO_COMMON_BLOCKS = YES;
				GCC_OPTIMIZATION_LEVEL = 0;
				GCC_PREPROCESSOR_DEFINITIONS = (
					"DEBUG=1",
					"$(inherited)",
				);
				GCC_WARN_64_TO_32_BIT_CONVERSION = YES;
				GCC_WARN_ABOUT_RETURN_TYPE = YES_ERROR;
				GCC_WARN_UNDECLARED_SELECTOR = YES;
				GCC_WARN_UNINITIALIZED_AUTOS = YES_AGGRESSIVE;
				GCC_WARN_UNUSED_FUNCTION = YES;
				GCC_WARN_UNUSED_VARIABLE = YES;
				IPHONEOS_DEPLOYMENT_TARGET = 14.2;
				MTL_ENABLE_DEBUG_INFO = INCLUDE_SOURCE;
				MTL_FAST_MATH = YES;
				ONLY_ACTIVE_ARCH = YES;
				SDKROOT = iphoneos;
				SWIFT_ACTIVE_COMPILATION_CONDITIONS = DEBUG;
				SWIFT_OPTIMIZATION_LEVEL = "-Onone";
			};
			name = Debug;
		};
		EA1E2AC2256B4629004898EA /* Release */ = {
			isa = XCBuildConfiguration;
			buildSettings = {
				ALWAYS_SEARCH_USER_PATHS = NO;
				CLANG_ANALYZER_NONNULL = YES;
				CLANG_ANALYZER_NUMBER_OBJECT_CONVERSION = YES_AGGRESSIVE;
				CLANG_CXX_LANGUAGE_STANDARD = "gnu++14";
				CLANG_CXX_LIBRARY = "libc++";
				CLANG_ENABLE_MODULES = YES;
				CLANG_ENABLE_OBJC_ARC = YES;
				CLANG_ENABLE_OBJC_WEAK = YES;
				CLANG_WARN_BLOCK_CAPTURE_AUTORELEASING = YES;
				CLANG_WARN_BOOL_CONVERSION = YES;
				CLANG_WARN_COMMA = YES;
				CLANG_WARN_CONSTANT_CONVERSION = YES;
				CLANG_WARN_DEPRECATED_OBJC_IMPLEMENTATIONS = YES;
				CLANG_WARN_DIRECT_OBJC_ISA_USAGE = YES_ERROR;
				CLANG_WARN_DOCUMENTATION_COMMENTS = YES;
				CLANG_WARN_EMPTY_BODY = YES;
				CLANG_WARN_ENUM_CONVERSION = YES;
				CLANG_WARN_INFINITE_RECURSION = YES;
				CLANG_WARN_INT_CONVERSION = YES;
				CLANG_WARN_NON_LITERAL_NULL_CONVERSION = YES;
				CLANG_WARN_OBJC_IMPLICIT_RETAIN_SELF = YES;
				CLANG_WARN_OBJC_LITERAL_CONVERSION = YES;
				CLANG_WARN_OBJC_ROOT_CLASS = YES_ERROR;
				CLANG_WARN_QUOTED_INCLUDE_IN_FRAMEWORK_HEADER = YES;
				CLANG_WARN_RANGE_LOOP_ANALYSIS = YES;
				CLANG_WARN_STRICT_PROTOTYPES = YES;
				CLANG_WARN_SUSPICIOUS_MOVE = YES;
				CLANG_WARN_UNGUARDED_AVAILABILITY = YES_AGGRESSIVE;
				CLANG_WARN_UNREACHABLE_CODE = YES;
				CLANG_WARN__DUPLICATE_METHOD_MATCH = YES;
				COPY_PHASE_STRIP = NO;
				DEBUG_INFORMATION_FORMAT = "dwarf-with-dsym";
				ENABLE_NS_ASSERTIONS = NO;
				ENABLE_STRICT_OBJC_MSGSEND = YES;
				GCC_C_LANGUAGE_STANDARD = gnu11;
				GCC_NO_COMMON_BLOCKS = YES;
				GCC_WARN_64_TO_32_BIT_CONVERSION = YES;
				GCC_WARN_ABOUT_RETURN_TYPE = YES_ERROR;
				GCC_WARN_UNDECLARED_SELECTOR = YES;
				GCC_WARN_UNINITIALIZED_AUTOS = YES_AGGRESSIVE;
				GCC_WARN_UNUSED_FUNCTION = YES;
				GCC_WARN_UNUSED_VARIABLE = YES;
				IPHONEOS_DEPLOYMENT_TARGET = 14.2;
				MTL_ENABLE_DEBUG_INFO = NO;
				MTL_FAST_MATH = YES;
				SDKROOT = iphoneos;
				SWIFT_COMPILATION_MODE = wholemodule;
				SWIFT_OPTIMIZATION_LEVEL = "-O";
				VALIDATE_PRODUCT = YES;
			};
			name = Release;
		};
		EA1E2AC4256B4629004898EA /* Debug */ = {
			isa = XCBuildConfiguration;
			buildSettings = {
				ASSETCATALOG_COMPILER_APPICON_NAME = AppIcon;
				ASSETCATALOG_COMPILER_GLOBAL_ACCENT_COLOR_NAME = AccentColor;
				CODE_SIGN_STYLE = Automatic;
				DEVELOPMENT_ASSET_PATHS = "\"Conversion/Preview Content\"";
				DEVELOPMENT_TEAM = 4BSVL8X5HC;
				ENABLE_PREVIEWS = YES;
				INFOPLIST_FILE = Conversion/Info.plist;
				IPHONEOS_DEPLOYMENT_TARGET = 14.0;
				LD_RUNPATH_SEARCH_PATHS = (
					"$(inherited)",
					"@executable_path/Frameworks",
				);
				PRODUCT_BUNDLE_IDENTIFIER = com.evanfreeze.Conversion;
				PRODUCT_NAME = "$(TARGET_NAME)";
				SWIFT_VERSION = 5.0;
				TARGETED_DEVICE_FAMILY = "1,2";
			};
			name = Debug;
		};
		EA1E2AC5256B4629004898EA /* Release */ = {
			isa = XCBuildConfiguration;
			buildSettings = {
				ASSETCATALOG_COMPILER_APPICON_NAME = AppIcon;
				ASSETCATALOG_COMPILER_GLOBAL_ACCENT_COLOR_NAME = AccentColor;
				CODE_SIGN_STYLE = Automatic;
				DEVELOPMENT_ASSET_PATHS = "\"Conversion/Preview Content\"";
				DEVELOPMENT_TEAM = 4BSVL8X5HC;
				ENABLE_PREVIEWS = YES;
				INFOPLIST_FILE = Conversion/Info.plist;
				IPHONEOS_DEPLOYMENT_TARGET = 14.0;
				LD_RUNPATH_SEARCH_PATHS = (
					"$(inherited)",
					"@executable_path/Frameworks",
				);
				PRODUCT_BUNDLE_IDENTIFIER = com.evanfreeze.Conversion;
				PRODUCT_NAME = "$(TARGET_NAME)";
				SWIFT_VERSION = 5.0;
				TARGETED_DEVICE_FAMILY = "1,2";
			};
			name = Release;
		};
/* End XCBuildConfiguration section */

/* Begin XCConfigurationList section */
		EA1E2AAF256B4628004898EA /* Build configuration list for PBXProject "Conversion" */ = {
			isa = XCConfigurationList;
			buildConfigurations = (
				EA1E2AC1256B4629004898EA /* Debug */,
				EA1E2AC2256B4629004898EA /* Release */,
			);
			defaultConfigurationIsVisible = 0;
			defaultConfigurationName = Release;
		};
		EA1E2AC3256B4629004898EA /* Build configuration list for PBXNativeTarget "Conversion" */ = {
			isa = XCConfigurationList;
			buildConfigurations = (
				EA1E2AC4256B4629004898EA /* Debug */,
				EA1E2AC5256B4629004898EA /* Release */,
			);
			defaultConfigurationIsVisible = 0;
			defaultConfigurationName = Release;
		};
/* End XCConfigurationList section */
	};
	rootObject = EA1E2AAC256B4628004898EA /* Project object */;
}
